
Microsoft Visual Studio Solution File, Format Version 12.00
# Visual Studio Version 17
VisualStudioVersion = 17.14.36301.6 d17.14
MinimumVisualStudioVersion = 10.0.40219.1
Project("{FAE04EC0-301F-11D3-BF4B-00C04F79EFBC}") = "CBTApplication", "CBTApplication\CBTApplication.csproj", "{A6190029-1275-4C02-8305-EAF77B3DA64B}"
EndProject
Global
	GlobalSection(SolutionConfigurationPlatforms) = preSolution
		Debug|Any CPU = Debug|Any CPU
		Release|Any CPU = Release|Any CPU
	EndGlobalSection
	GlobalSection(ProjectConfigurationPlatforms) = postSolution
		{A6190029-1275-4C02-8305-EAF77B3DA64B}.Debug|Any CPU.ActiveCfg = Debug|Any CPU
		{A6190029-1275-4C02-8305-EAF77B3DA64B}.Debug|Any CPU.Build.0 = Debug|Any CPU
		{A6190029-1275-4C02-8305-EAF77B3DA64B}.Release|Any CPU.ActiveCfg = Release|Any CPU
		{A6190029-1275-4C02-8305-EAF77B3DA64B}.Release|Any CPU.Build.0 = Release|Any CPU
	EndGlobalSection
	GlobalSection(SolutionProperties) = preSolution
		HideSolutionNode = FALSE
	EndGlobalSection
	GlobalSection(ExtensibilityGlobals) = postSolution
		SolutionGuid = {398D2F63-A088-4680-ACD2-74134A17C79C}
	EndGlobalSection
EndGlobal
